
Microsoft Visual Studio Solution File, Format Version 12.00
# Visual Studio Version 17
VisualStudioVersion = 17.4.33122.133
MinimumVisualStudioVersion = 10.0.40219.1
Project("{FAE04EC0-301F-11D3-BF4B-00C04F79EFBC}") = "TCreatorBlazor", "..\TCreatorBlazor\TCreatorBlazor.csproj", "{6E4BE493-A52F-4DA8-B2F0-60D1D6DB031F}"
EndProject
Global
	GlobalSection(SolutionConfigurationPlatforms) = preSolution
		Debug|Any CPU = Debug|Any CPU
		Release|Any CPU = Release|Any CPU
	EndGlobalSection
	GlobalSection(ProjectConfigurationPlatforms) = postSolution
		{6E4BE493-A52F-4DA8-B2F0-60D1D6DB031F}.Debug|Any CPU.ActiveCfg = Debug|Any CPU
		{6E4BE493-A52F-4DA8-B2F0-60D1D6DB031F}.Debug|Any CPU.Build.0 = Debug|Any CPU
		{6E4BE493-A52F-4DA8-B2F0-60D1D6DB031F}.Debug|Any CPU.Deploy.0 = Debug|Any CPU
		{6E4BE493-A52F-4DA8-B2F0-60D1D6DB031F}.Release|Any CPU.ActiveCfg = Release|Any CPU
		{6E4BE493-A52F-4DA8-B2F0-60D1D6DB031F}.Release|Any CPU.Build.0 = Release|Any CPU
		{6E4BE493-A52F-4DA8-B2F0-60D1D6DB031F}.Release|Any CPU.Deploy.0 = Release|Any CPU
	EndGlobalSection
	GlobalSection(SolutionProperties) = preSolution
		HideSolutionNode = FALSE
	EndGlobalSection
	GlobalSection(ExtensibilityGlobals) = postSolution
		SolutionGuid = {F78F62E4-B9EF-4017-A0B7-B6B83C338815}
	EndGlobalSection
EndGlobal
