
Microsoft Visual Studio Solution File, Format Version 12.00
# Visual Studio Version 16
VisualStudioVersion = 16.0.31624.102
MinimumVisualStudioVersion = 10.0.40219.1
Project("{FAE04EC0-301F-11D3-BF4B-00C04F79EFBC}") = "TCreator", "TCreator.csproj", "{7E6238DC-18CC-4658-AB3E-01E90D19D1F1}"
EndProject
Global
	GlobalSection(SolutionConfigurationPlatforms) = preSolution
		Debug|Any CPU = Debug|Any CPU
		Release|Any CPU = Release|Any CPU
	EndGlobalSection
	GlobalSection(ProjectConfigurationPlatforms) = postSolution
		{7E6238DC-18CC-4658-AB3E-01E90D19D1F1}.Debug|Any CPU.ActiveCfg = Debug|Any CPU
		{7E6238DC-18CC-4658-AB3E-01E90D19D1F1}.Debug|Any CPU.Build.0 = Debug|Any CPU
		{7E6238DC-18CC-4658-AB3E-01E90D19D1F1}.Release|Any CPU.ActiveCfg = Release|Any CPU
		{7E6238DC-18CC-4658-AB3E-01E90D19D1F1}.Release|Any CPU.Build.0 = Release|Any CPU
	EndGlobalSection
	GlobalSection(SolutionProperties) = preSolution
		HideSolutionNode = FALSE
	EndGlobalSection
	GlobalSection(ExtensibilityGlobals) = postSolution
		SolutionGuid = {F78F62E4-B9EF-4017-A0B7-B6B83C338815}
	EndGlobalSection
EndGlobal
